
Microsoft Visual Studio Solution File, Format Version 12.00
# Visual Studio Version 17
VisualStudioVersion = 17.2.32505.173
MinimumVisualStudioVersion = 10.0.40219.1
Project("{9A19103F-16F7-4668-BE54-9A1E7A4F7556}") = "Extension", "ConsoleApp1\Extension.csproj", "{B58F55B9-1CC5-47AC-B432-E5F6B6CAC36D}"
EndProject
Project("{FAE04EC0-301F-11D3-BF4B-00C04F79EFBC}") = "EFCore", "EFCore\EFCore.csproj", "{66F46004-B1AD-4774-AAB1-8BCE1FF6A9FD}"
EndProject
Project("{FAE04EC0-301F-11D3-BF4B-00C04F79EFBC}") = "DependencyIncjections", "DependencyIncjections\DependencyIncjections.csproj", "{4BB14EC0-8A0C-4581-BB12-11CE3107BF1A}"
EndProject
Global
	GlobalSection(SolutionConfigurationPlatforms) = preSolution
		Debug|Any CPU = Debug|Any CPU
		Release|Any CPU = Release|Any CPU
	EndGlobalSection
	GlobalSection(ProjectConfigurationPlatforms) = postSolution
		{B58F55B9-1CC5-47AC-B432-E5F6B6CAC36D}.Debug|Any CPU.ActiveCfg = Debug|Any CPU
		{B58F55B9-1CC5-47AC-B432-E5F6B6CAC36D}.Debug|Any CPU.Build.0 = Debug|Any CPU
		{B58F55B9-1CC5-47AC-B432-E5F6B6CAC36D}.Release|Any CPU.ActiveCfg = Release|Any CPU
		{B58F55B9-1CC5-47AC-B432-E5F6B6CAC36D}.Release|Any CPU.Build.0 = Release|Any CPU
		{66F46004-B1AD-4774-AAB1-8BCE1FF6A9FD}.Debug|Any CPU.ActiveCfg = Debug|Any CPU
		{66F46004-B1AD-4774-AAB1-8BCE1FF6A9FD}.Debug|Any CPU.Build.0 = Debug|Any CPU
		{66F46004-B1AD-4774-AAB1-8BCE1FF6A9FD}.Release|Any CPU.ActiveCfg = Release|Any CPU
		{66F46004-B1AD-4774-AAB1-8BCE1FF6A9FD}.Release|Any CPU.Build.0 = Release|Any CPU
		{4BB14EC0-8A0C-4581-BB12-11CE3107BF1A}.Debug|Any CPU.ActiveCfg = Debug|Any CPU
		{4BB14EC0-8A0C-4581-BB12-11CE3107BF1A}.Debug|Any CPU.Build.0 = Debug|Any CPU
		{4BB14EC0-8A0C-4581-BB12-11CE3107BF1A}.Release|Any CPU.ActiveCfg = Release|Any CPU
		{4BB14EC0-8A0C-4581-BB12-11CE3107BF1A}.Release|Any CPU.Build.0 = Release|Any CPU
	EndGlobalSection
	GlobalSection(SolutionProperties) = preSolution
		HideSolutionNode = FALSE
	EndGlobalSection
	GlobalSection(ExtensibilityGlobals) = postSolution
		SolutionGuid = {6109C2A9-2043-4FF8-B5CD-A8E43E1694AD}
	EndGlobalSection
EndGlobal
